
Microsoft Visual Studio Solution File, Format Version 11.00
# Visual Studio 2010
Project("{8BC9CEB8-8B4A-11D0-8D11-00A0C91BC942}") = "ProgramFiles2.0", "ProgramFiles2.0.vcxproj", "{0E909534-07D7-65C4-1D6E-4B4D0AF9253D}"
EndProject
Global
	GlobalSection(SolutionConfigurationPlatforms) = preSolution
		Debug|Win32 = Debug|Win32
		Release|Win32 = Release|Win32
	EndGlobalSection
	GlobalSection(ProjectConfigurationPlatforms) = postSolution
		{0E909534-07D7-65C4-1D6E-4B4D0AF9253D}.Debug|Win32.ActiveCfg = Debug|Win32
		{0E909534-07D7-65C4-1D6E-4B4D0AF9253D}.Debug|Win32.Build.0 = Debug|Win32
		{0E909534-07D7-65C4-1D6E-4B4D0AF9253D}.Release|Win32.ActiveCfg = Release|Win32
		{0E909534-07D7-65C4-1D6E-4B4D0AF9253D}.Release|Win32.Build.0 = Release|Win32
	EndGlobalSection
	GlobalSection(SolutionProperties) = preSolution
		HideSolutionNode = FALSE
	EndGlobalSection
EndGlobal
